Microsoft Visual Studio Solution File, Format Version 12.00
# Visual Studio 2012
Project("{FAE04EC0-301F-11D3-BF4B-00C04F79EFBC}") = "Soil", "Soil.csproj", "{2A0C7E3A-E723-401F-A5C2-1CCEDC6115BB}"
EndProject
Global
	GlobalSection(SolutionConfigurationPlatforms) = preSolution
	Debug|Any CPU = Debug|Any CPU
	ExportDebug|Any CPU = ExportDebug|Any CPU
	ExportRelease|Any CPU = ExportRelease|Any CPU
	EndGlobalSection
	GlobalSection(ProjectConfigurationPlatforms) = postSolution
		{2A0C7E3A-E723-401F-A5C2-1CCEDC6115BB}.Debug|Any CPU.ActiveCfg = Debug|Any CPU
		{2A0C7E3A-E723-401F-A5C2-1CCEDC6115BB}.Debug|Any CPU.Build.0 = Debug|Any CPU
		{2A0C7E3A-E723-401F-A5C2-1CCEDC6115BB}.ExportDebug|Any CPU.ActiveCfg = ExportDebug|Any CPU
		{2A0C7E3A-E723-401F-A5C2-1CCEDC6115BB}.ExportDebug|Any CPU.Build.0 = ExportDebug|Any CPU
		{2A0C7E3A-E723-401F-A5C2-1CCEDC6115BB}.ExportRelease|Any CPU.ActiveCfg = ExportRelease|Any CPU
		{2A0C7E3A-E723-401F-A5C2-1CCEDC6115BB}.ExportRelease|Any CPU.Build.0 = ExportRelease|Any CPU
	EndGlobalSection
EndGlobal
